
Microsoft Visual Studio Solution File, Format Version 12.00
# Visual Studio Version 16
VisualStudioVersion = 16.0.29020.237
MinimumVisualStudioVersion = 10.0.40219.1
Project("{2150E333-8FDC-42A3-9474-1A3956D46DE8}") = "Node", "Node", "{FC085ED7-E813-480A-A197-5ECE13BBF9DB}"
EndProject
Project("{2150E333-8FDC-42A3-9474-1A3956D46DE8}") = ".Snippets", ".Snippets", "{12533244-EA2E-4DC9-8EA3-D46E5D95DEB6}"
	ProjectSection(SolutionItems) = preProject
		Wist.Node\Snippets\RegisterDefaultImplementation.snippet = Wist.Node\Snippets\RegisterDefaultImplementation.snippet
		Wist.Node\Snippets\RegisterExtensionSingleton.snippet = Wist.Node\Snippets\RegisterExtensionSingleton.snippet
		Wist.Node\Snippets\RegisterExtensionTransient.snippet = Wist.Node\Snippets\RegisterExtensionTransient.snippet
	EndProjectSection
EndProject
Project("{2150E333-8FDC-42A3-9474-1A3956D46DE8}") = "[Solution Items]", "[Solution Items]", "{49503027-29D7-46D2-9C3B-3A2FFA89ECAB}"
	ProjectSection(SolutionItems) = preProject
		Bootstrap.md = Bootstrap.md
		General Packet Processing.png = General Packet Processing.png
		README.md = README.md
		Startup.md = Startup.md
		Transaction Flow in Network.png = Transaction Flow in Network.png
		Wist Layers.png = Wist Layers.png
	EndProjectSection
EndProject
Project("{2150E333-8FDC-42A3-9474-1A3956D46DE8}") = ".Common", ".Common", "{308C149A-2D35-4073-9974-1ECCA482D71B}"
EndProject
Project("{9A19103F-16F7-4668-BE54-9A1E7A4F7556}") = "O10.Core", "Common\O10.Core\O10.Core.csproj", "{DF4A626D-74FD-45ED-970E-53EC0351EF53}"
EndProject
Project("{9A19103F-16F7-4668-BE54-9A1E7A4F7556}") = "O10.Transactions.Core", "Common\O10.Transactions.Core\O10.Transactions.Core.csproj", "{4F023132-7133-4FE6-834F-8AB82B3CF2EE}"
EndProject
Project("{2150E333-8FDC-42A3-9474-1A3956D46DE8}") = "Crypto", "Crypto", "{F8F359E8-2465-40D9-9C6D-F55112AD2ABD}"
EndProject
Project("{9A19103F-16F7-4668-BE54-9A1E7A4F7556}") = "Chaos.NaCl", "Common\Crypto\Chaos.NaCl\Chaos.NaCl.csproj", "{6F239CF7-9BDC-42C6-BB6F-C5F28E906E54}"
EndProject
Project("{9A19103F-16F7-4668-BE54-9A1E7A4F7556}") = "CoreHashLib", "Common\Crypto\HashLib\CoreHashLib\CoreHashLib.csproj", "{F51BBDC5-B3F3-4522-BD99-B4DB81525E8E}"
EndProject
Project("{9A19103F-16F7-4668-BE54-9A1E7A4F7556}") = "O10.Crypto", "Common\Crypto\O10.Crypto\O10.Crypto.csproj", "{FABD1E23-BFE8-45B4-9A52-0DCEEC295C46}"
EndProject
Project("{2150E333-8FDC-42A3-9474-1A3956D46DE8}") = "Tracking", "Tracking", "{44755946-93DC-4E81-9D4F-A35E06EBDBEF}"
EndProject
Project("{9A19103F-16F7-4668-BE54-9A1E7A4F7556}") = "O10.Tracking.ApplicationInsights", "Common\O10.Tracking.ApplicationInsights\O10.Tracking.ApplicationInsights.csproj", "{4B7FB048-0028-44B3-82F5-DDEC7DC5B5B7}"
EndProject
Project("{9A19103F-16F7-4668-BE54-9A1E7A4F7556}") = "O10.Node.Core", "Node\O10.Node.Core\O10.Node.Core.csproj", "{2D1FA9C8-22A2-4478-91B6-0FCF2348AA92}"
EndProject
Project("{9A19103F-16F7-4668-BE54-9A1E7A4F7556}") = "O10.Node.DataLayer", "Node\O10.Node.DataLayer\O10.Node.DataLayer.csproj", "{71B36858-A17B-43FF-9DB5-133DDCF253EC}"
EndProject
Project("{9A19103F-16F7-4668-BE54-9A1E7A4F7556}") = "O10.Node.Network", "Node\O10.Node.Network\O10.Node.Network.csproj", "{03CE830A-003C-4430-9F4A-4263DF920949}"
EndProject
Project("{9A19103F-16F7-4668-BE54-9A1E7A4F7556}") = "O10.Node.WebApp.Common", "Node\O10.Node.WebApp.Common\O10.Node.WebApp.Common.csproj", "{998CAD67-CF18-4A7B-9B1E-3B66593C199A}"
EndProject
Project("{9A19103F-16F7-4668-BE54-9A1E7A4F7556}") = "O10.Node.WebApp", "Node\O10.Node.WebApp\O10.Node.WebApp.csproj", "{DEA01B3A-6D49-422B-8728-20F9DD303E93}"
EndProject
Global
	GlobalSection(SolutionConfigurationPlatforms) = preSolution
		Debug|Any CPU = Debug|Any CPU
		Debug|x64 = Debug|x64
		Debug|x86 = Debug|x86
		Release|Any CPU = Release|Any CPU
		Release|x64 = Release|x64
		Release|x86 = Release|x86
	EndGlobalSection
	GlobalSection(ProjectConfigurationPlatforms) = postSolution
		{DF4A626D-74FD-45ED-970E-53EC0351EF53}.Debug|Any CPU.ActiveCfg = Debug|Any CPU
		{DF4A626D-74FD-45ED-970E-53EC0351EF53}.Debug|Any CPU.Build.0 = Debug|Any CPU
		{DF4A626D-74FD-45ED-970E-53EC0351EF53}.Debug|x64.ActiveCfg = Debug|Any CPU
		{DF4A626D-74FD-45ED-970E-53EC0351EF53}.Debug|x64.Build.0 = Debug|Any CPU
		{DF4A626D-74FD-45ED-970E-53EC0351EF53}.Debug|x86.ActiveCfg = Debug|Any CPU
		{DF4A626D-74FD-45ED-970E-53EC0351EF53}.Debug|x86.Build.0 = Debug|Any CPU
		{DF4A626D-74FD-45ED-970E-53EC0351EF53}.Release|Any CPU.ActiveCfg = Release|Any CPU
		{DF4A626D-74FD-45ED-970E-53EC0351EF53}.Release|Any CPU.Build.0 = Release|Any CPU
		{DF4A626D-74FD-45ED-970E-53EC0351EF53}.Release|x64.ActiveCfg = Release|Any CPU
		{DF4A626D-74FD-45ED-970E-53EC0351EF53}.Release|x64.Build.0 = Release|Any CPU
		{DF4A626D-74FD-45ED-970E-53EC0351EF53}.Release|x86.ActiveCfg = Release|Any CPU
		{DF4A626D-74FD-45ED-970E-53EC0351EF53}.Release|x86.Build.0 = Release|Any CPU
		{4F023132-7133-4FE6-834F-8AB82B3CF2EE}.Debug|Any CPU.ActiveCfg = Debug|Any CPU
		{4F023132-7133-4FE6-834F-8AB82B3CF2EE}.Debug|Any CPU.Build.0 = Debug|Any CPU
		{4F023132-7133-4FE6-834F-8AB82B3CF2EE}.Debug|x64.ActiveCfg = Debug|Any CPU
		{4F023132-7133-4FE6-834F-8AB82B3CF2EE}.Debug|x64.Build.0 = Debug|Any CPU
		{4F023132-7133-4FE6-834F-8AB82B3CF2EE}.Debug|x86.ActiveCfg = Debug|Any CPU
		{4F023132-7133-4FE6-834F-8AB82B3CF2EE}.Debug|x86.Build.0 = Debug|Any CPU
		{4F023132-7133-4FE6-834F-8AB82B3CF2EE}.Release|Any CPU.ActiveCfg = Release|Any CPU
		{4F023132-7133-4FE6-834F-8AB82B3CF2EE}.Release|Any CPU.Build.0 = Release|Any CPU
		{4F023132-7133-4FE6-834F-8AB82B3CF2EE}.Release|x64.ActiveCfg = Release|Any CPU
		{4F023132-7133-4FE6-834F-8AB82B3CF2EE}.Release|x64.Build.0 = Release|Any CPU
		{4F023132-7133-4FE6-834F-8AB82B3CF2EE}.Release|x86.ActiveCfg = Release|Any CPU
		{4F023132-7133-4FE6-834F-8AB82B3CF2EE}.Release|x86.Build.0 = Release|Any CPU
		{6F239CF7-9BDC-42C6-BB6F-C5F28E906E54}.Debug|Any CPU.ActiveCfg = Debug|Any CPU
		{6F239CF7-9BDC-42C6-BB6F-C5F28E906E54}.Debug|Any CPU.Build.0 = Debug|Any CPU
		{6F239CF7-9BDC-42C6-BB6F-C5F28E906E54}.Debug|x64.ActiveCfg = Debug|Any CPU
		{6F239CF7-9BDC-42C6-BB6F-C5F28E906E54}.Debug|x64.Build.0 = Debug|Any CPU
		{6F239CF7-9BDC-42C6-BB6F-C5F28E906E54}.Debug|x86.ActiveCfg = Debug|Any CPU
		{6F239CF7-9BDC-42C6-BB6F-C5F28E906E54}.Debug|x86.Build.0 = Debug|Any CPU
		{6F239CF7-9BDC-42C6-BB6F-C5F28E906E54}.Release|Any CPU.ActiveCfg = Release|Any CPU
		{6F239CF7-9BDC-42C6-BB6F-C5F28E906E54}.Release|Any CPU.Build.0 = Release|Any CPU
		{6F239CF7-9BDC-42C6-BB6F-C5F28E906E54}.Release|x64.ActiveCfg = Release|Any CPU
		{6F239CF7-9BDC-42C6-BB6F-C5F28E906E54}.Release|x64.Build.0 = Release|Any CPU
		{6F239CF7-9BDC-42C6-BB6F-C5F28E906E54}.Release|x86.ActiveCfg = Release|Any CPU
		{6F239CF7-9BDC-42C6-BB6F-C5F28E906E54}.Release|x86.Build.0 = Release|Any CPU
		{F51BBDC5-B3F3-4522-BD99-B4DB81525E8E}.Debug|Any CPU.ActiveCfg = Debug|Any CPU
		{F51BBDC5-B3F3-4522-BD99-B4DB81525E8E}.Debug|Any CPU.Build.0 = Debug|Any CPU
		{F51BBDC5-B3F3-4522-BD99-B4DB81525E8E}.Debug|x64.ActiveCfg = Debug|Any CPU
		{F51BBDC5-B3F3-4522-BD99-B4DB81525E8E}.Debug|x64.Build.0 = Debug|Any CPU
		{F51BBDC5-B3F3-4522-BD99-B4DB81525E8E}.Debug|x86.ActiveCfg = Debug|Any CPU
		{F51BBDC5-B3F3-4522-BD99-B4DB81525E8E}.Debug|x86.Build.0 = Debug|Any CPU
		{F51BBDC5-B3F3-4522-BD99-B4DB81525E8E}.Release|Any CPU.ActiveCfg = Release|Any CPU
		{F51BBDC5-B3F3-4522-BD99-B4DB81525E8E}.Release|Any CPU.Build.0 = Release|Any CPU
		{F51BBDC5-B3F3-4522-BD99-B4DB81525E8E}.Release|x64.ActiveCfg = Release|Any CPU
		{F51BBDC5-B3F3-4522-BD99-B4DB81525E8E}.Release|x64.Build.0 = Release|Any CPU
		{F51BBDC5-B3F3-4522-BD99-B4DB81525E8E}.Release|x86.ActiveCfg = Release|Any CPU
		{F51BBDC5-B3F3-4522-BD99-B4DB81525E8E}.Release|x86.Build.0 = Release|Any CPU
		{FABD1E23-BFE8-45B4-9A52-0DCEEC295C46}.Debug|Any CPU.ActiveCfg = Debug|Any CPU
		{FABD1E23-BFE8-45B4-9A52-0DCEEC295C46}.Debug|Any CPU.Build.0 = Debug|Any CPU
		{FABD1E23-BFE8-45B4-9A52-0DCEEC295C46}.Debug|x64.ActiveCfg = Debug|Any CPU
		{FABD1E23-BFE8-45B4-9A52-0DCEEC295C46}.Debug|x64.Build.0 = Debug|Any CPU
		{FABD1E23-BFE8-45B4-9A52-0DCEEC295C46}.Debug|x86.ActiveCfg = Debug|Any CPU
		{FABD1E23-BFE8-45B4-9A52-0DCEEC295C46}.Debug|x86.Build.0 = Debug|Any CPU
		{FABD1E23-BFE8-45B4-9A52-0DCEEC295C46}.Release|Any CPU.ActiveCfg = Release|Any CPU
		{FABD1E23-BFE8-45B4-9A52-0DCEEC295C46}.Release|Any CPU.Build.0 = Release|Any CPU
		{FABD1E23-BFE8-45B4-9A52-0DCEEC295C46}.Release|x64.ActiveCfg = Release|Any CPU
		{FABD1E23-BFE8-45B4-9A52-0DCEEC295C46}.Release|x64.Build.0 = Release|Any CPU
		{FABD1E23-BFE8-45B4-9A52-0DCEEC295C46}.Release|x86.ActiveCfg = Release|Any CPU
		{FABD1E23-BFE8-45B4-9A52-0DCEEC295C46}.Release|x86.Build.0 = Release|Any CPU
		{4B7FB048-0028-44B3-82F5-DDEC7DC5B5B7}.Debug|Any CPU.ActiveCfg = Debug|Any CPU
		{4B7FB048-0028-44B3-82F5-DDEC7DC5B5B7}.Debug|Any CPU.Build.0 = Debug|Any CPU
		{4B7FB048-0028-44B3-82F5-DDEC7DC5B5B7}.Debug|x64.ActiveCfg = Debug|Any CPU
		{4B7FB048-0028-44B3-82F5-DDEC7DC5B5B7}.Debug|x64.Build.0 = Debug|Any CPU
		{4B7FB048-0028-44B3-82F5-DDEC7DC5B5B7}.Debug|x86.ActiveCfg = Debug|Any CPU
		{4B7FB048-0028-44B3-82F5-DDEC7DC5B5B7}.Debug|x86.Build.0 = Debug|Any CPU
		{4B7FB048-0028-44B3-82F5-DDEC7DC5B5B7}.Release|Any CPU.ActiveCfg = Release|Any CPU
		{4B7FB048-0028-44B3-82F5-DDEC7DC5B5B7}.Release|Any CPU.Build.0 = Release|Any CPU
		{4B7FB048-0028-44B3-82F5-DDEC7DC5B5B7}.Release|x64.ActiveCfg = Release|Any CPU
		{4B7FB048-0028-44B3-82F5-DDEC7DC5B5B7}.Release|x64.Build.0 = Release|Any CPU
		{4B7FB048-0028-44B3-82F5-DDEC7DC5B5B7}.Release|x86.ActiveCfg = Release|Any CPU
		{4B7FB048-0028-44B3-82F5-DDEC7DC5B5B7}.Release|x86.Build.0 = Release|Any CPU
		{2D1FA9C8-22A2-4478-91B6-0FCF2348AA92}.Debug|Any CPU.ActiveCfg = Debug|Any CPU
		{2D1FA9C8-22A2-4478-91B6-0FCF2348AA92}.Debug|Any CPU.Build.0 = Debug|Any CPU
		{2D1FA9C8-22A2-4478-91B6-0FCF2348AA92}.Debug|x64.ActiveCfg = Debug|Any CPU
		{2D1FA9C8-22A2-4478-91B6-0FCF2348AA92}.Debug|x64.Build.0 = Debug|Any CPU
		{2D1FA9C8-22A2-4478-91B6-0FCF2348AA92}.Debug|x86.ActiveCfg = Debug|Any CPU
		{2D1FA9C8-22A2-4478-91B6-0FCF2348AA92}.Debug|x86.Build.0 = Debug|Any CPU
		{2D1FA9C8-22A2-4478-91B6-0FCF2348AA92}.Release|Any CPU.ActiveCfg = Release|Any CPU
		{2D1FA9C8-22A2-4478-91B6-0FCF2348AA92}.Release|Any CPU.Build.0 = Release|Any CPU
		{2D1FA9C8-22A2-4478-91B6-0FCF2348AA92}.Release|x64.ActiveCfg = Release|Any CPU
		{2D1FA9C8-22A2-4478-91B6-0FCF2348AA92}.Release|x64.Build.0 = Release|Any CPU
		{2D1FA9C8-22A2-4478-91B6-0FCF2348AA92}.Release|x86.ActiveCfg = Release|Any CPU
		{2D1FA9C8-22A2-4478-91B6-0FCF2348AA92}.Release|x86.Build.0 = Release|Any CPU
		{71B36858-A17B-43FF-9DB5-133DDCF253EC}.Debug|Any CPU.ActiveCfg = Debug|Any CPU
		{71B36858-A17B-43FF-9DB5-133DDCF253EC}.Debug|Any CPU.Build.0 = Debug|Any CPU
		{71B36858-A17B-43FF-9DB5-133DDCF253EC}.Debug|x64.ActiveCfg = Debug|Any CPU
		{71B36858-A17B-43FF-9DB5-133DDCF253EC}.Debug|x64.Build.0 = Debug|Any CPU
		{71B36858-A17B-43FF-9DB5-133DDCF253EC}.Debug|x86.ActiveCfg = Debug|Any CPU
		{71B36858-A17B-43FF-9DB5-133DDCF253EC}.Debug|x86.Build.0 = Debug|Any CPU
		{71B36858-A17B-43FF-9DB5-133DDCF253EC}.Release|Any CPU.ActiveCfg = Release|Any CPU
		{71B36858-A17B-43FF-9DB5-133DDCF253EC}.Release|Any CPU.Build.0 = Release|Any CPU
		{71B36858-A17B-43FF-9DB5-133DDCF253EC}.Release|x64.ActiveCfg = Release|Any CPU
		{71B36858-A17B-43FF-9DB5-133DDCF253EC}.Release|x64.Build.0 = Release|Any CPU
		{71B36858-A17B-43FF-9DB5-133DDCF253EC}.Release|x86.ActiveCfg = Release|Any CPU
		{71B36858-A17B-43FF-9DB5-133DDCF253EC}.Release|x86.Build.0 = Release|Any CPU
		{03CE830A-003C-4430-9F4A-4263DF920949}.Debug|Any CPU.ActiveCfg = Debug|Any CPU
		{03CE830A-003C-4430-9F4A-4263DF920949}.Debug|Any CPU.Build.0 = Debug|Any CPU
		{03CE830A-003C-4430-9F4A-4263DF920949}.Debug|x64.ActiveCfg = Debug|Any CPU
		{03CE830A-003C-4430-9F4A-4263DF920949}.Debug|x64.Build.0 = Debug|Any CPU
		{03CE830A-003C-4430-9F4A-4263DF920949}.Debug|x86.ActiveCfg = Debug|Any CPU
		{03CE830A-003C-4430-9F4A-4263DF920949}.Debug|x86.Build.0 = Debug|Any CPU
		{03CE830A-003C-4430-9F4A-4263DF920949}.Release|Any CPU.ActiveCfg = Release|Any CPU
		{03CE830A-003C-4430-9F4A-4263DF920949}.Release|Any CPU.Build.0 = Release|Any CPU
		{03CE830A-003C-4430-9F4A-4263DF920949}.Release|x64.ActiveCfg = Release|Any CPU
		{03CE830A-003C-4430-9F4A-4263DF920949}.Release|x64.Build.0 = Release|Any CPU
		{03CE830A-003C-4430-9F4A-4263DF920949}.Release|x86.ActiveCfg = Release|Any CPU
		{03CE830A-003C-4430-9F4A-4263DF920949}.Release|x86.Build.0 = Release|Any CPU
		{998CAD67-CF18-4A7B-9B1E-3B66593C199A}.Debug|Any CPU.ActiveCfg = Debug|Any CPU
		{998CAD67-CF18-4A7B-9B1E-3B66593C199A}.Debug|Any CPU.Build.0 = Debug|Any CPU
		{998CAD67-CF18-4A7B-9B1E-3B66593C199A}.Debug|x64.ActiveCfg = Debug|Any CPU
		{998CAD67-CF18-4A7B-9B1E-3B66593C199A}.Debug|x64.Build.0 = Debug|Any CPU
		{998CAD67-CF18-4A7B-9B1E-3B66593C199A}.Debug|x86.ActiveCfg = Debug|Any CPU
		{998CAD67-CF18-4A7B-9B1E-3B66593C199A}.Debug|x86.Build.0 = Debug|Any CPU
		{998CAD67-CF18-4A7B-9B1E-3B66593C199A}.Release|Any CPU.ActiveCfg = Release|Any CPU
		{998CAD67-CF18-4A7B-9B1E-3B66593C199A}.Release|Any CPU.Build.0 = Release|Any CPU
		{998CAD67-CF18-4A7B-9B1E-3B66593C199A}.Release|x64.ActiveCfg = Release|Any CPU
		{998CAD67-CF18-4A7B-9B1E-3B66593C199A}.Release|x64.Build.0 = Release|Any CPU
		{998CAD67-CF18-4A7B-9B1E-3B66593C199A}.Release|x86.ActiveCfg = Release|Any CPU
		{998CAD67-CF18-4A7B-9B1E-3B66593C199A}.Release|x86.Build.0 = Release|Any CPU
		{DEA01B3A-6D49-422B-8728-20F9DD303E93}.Debug|Any CPU.ActiveCfg = Debug|Any CPU
		{DEA01B3A-6D49-422B-8728-20F9DD303E93}.Debug|Any CPU.Build.0 = Debug|Any CPU
		{DEA01B3A-6D49-422B-8728-20F9DD303E93}.Debug|x64.ActiveCfg = Debug|Any CPU
		{DEA01B3A-6D49-422B-8728-20F9DD303E93}.Debug|x64.Build.0 = Debug|Any CPU
		{DEA01B3A-6D49-422B-8728-20F9DD303E93}.Debug|x86.ActiveCfg = Debug|Any CPU
		{DEA01B3A-6D49-422B-8728-20F9DD303E93}.Debug|x86.Build.0 = Debug|Any CPU
		{DEA01B3A-6D49-422B-8728-20F9DD303E93}.Release|Any CPU.ActiveCfg = Release|Any CPU
		{DEA01B3A-6D49-422B-8728-20F9DD303E93}.Release|Any CPU.Build.0 = Release|Any CPU
		{DEA01B3A-6D49-422B-8728-20F9DD303E93}.Release|x64.ActiveCfg = Release|Any CPU
		{DEA01B3A-6D49-422B-8728-20F9DD303E93}.Release|x64.Build.0 = Release|Any CPU
		{DEA01B3A-6D49-422B-8728-20F9DD303E93}.Release|x86.ActiveCfg = Release|Any CPU
		{DEA01B3A-6D49-422B-8728-20F9DD303E93}.Release|x86.Build.0 = Release|Any CPU
	EndGlobalSection
	GlobalSection(SolutionProperties) = preSolution
		HideSolutionNode = FALSE
	EndGlobalSection
	GlobalSection(NestedProjects) = preSolution
		{DF4A626D-74FD-45ED-970E-53EC0351EF53} = {308C149A-2D35-4073-9974-1ECCA482D71B}
		{4F023132-7133-4FE6-834F-8AB82B3CF2EE} = {308C149A-2D35-4073-9974-1ECCA482D71B}
		{F8F359E8-2465-40D9-9C6D-F55112AD2ABD} = {308C149A-2D35-4073-9974-1ECCA482D71B}
		{6F239CF7-9BDC-42C6-BB6F-C5F28E906E54} = {F8F359E8-2465-40D9-9C6D-F55112AD2ABD}
		{F51BBDC5-B3F3-4522-BD99-B4DB81525E8E} = {F8F359E8-2465-40D9-9C6D-F55112AD2ABD}
		{FABD1E23-BFE8-45B4-9A52-0DCEEC295C46} = {F8F359E8-2465-40D9-9C6D-F55112AD2ABD}
		{44755946-93DC-4E81-9D4F-A35E06EBDBEF} = {308C149A-2D35-4073-9974-1ECCA482D71B}
		{4B7FB048-0028-44B3-82F5-DDEC7DC5B5B7} = {44755946-93DC-4E81-9D4F-A35E06EBDBEF}
		{2D1FA9C8-22A2-4478-91B6-0FCF2348AA92} = {FC085ED7-E813-480A-A197-5ECE13BBF9DB}
		{71B36858-A17B-43FF-9DB5-133DDCF253EC} = {FC085ED7-E813-480A-A197-5ECE13BBF9DB}
		{03CE830A-003C-4430-9F4A-4263DF920949} = {FC085ED7-E813-480A-A197-5ECE13BBF9DB}
		{998CAD67-CF18-4A7B-9B1E-3B66593C199A} = {FC085ED7-E813-480A-A197-5ECE13BBF9DB}
	EndGlobalSection
	GlobalSection(ExtensibilityGlobals) = postSolution
		SolutionGuid = {7EB9BA20-4E24-4DF9-871A-597326B66D91}
	EndGlobalSection
EndGlobal
