
Microsoft Visual Studio Solution File, Format Version 12.00
# Visual Studio Version 16
VisualStudioVersion = 16.0.29009.5
MinimumVisualStudioVersion = 10.0.40219.1
Project("{2150E333-8FDC-42A3-9474-1A3956D46DE8}") = "Crypto", "Crypto", "{1E89ACFB-CB40-4666-8246-5378DC3EB058}"
EndProject
Project("{2150E333-8FDC-42A3-9474-1A3956D46DE8}") = "Transactions", "Transactions", "{7EAABD3F-EDFD-4E08-B9AC-4F28F17C3CD6}"
EndProject
Project("{2150E333-8FDC-42A3-9474-1A3956D46DE8}") = "Client", "Client", "{FB9369B6-8FB5-47F0-93B1-7C77079F6EFF}"
EndProject
Project("{2150E333-8FDC-42A3-9474-1A3956D46DE8}") = "Portal", "Portal", "{A586FF1D-7097-4521-A3D3-21A9CC4EB8BF}"
EndProject
Project("{2150E333-8FDC-42A3-9474-1A3956D46DE8}") = "Tracking", "Tracking", "{07E3CFB9-CA99-4E8B-8040-9EC921ABD2F9}"
EndProject
Project("{9A19103F-16F7-4668-BE54-9A1E7A4F7556}") = "O10.Core", "Common\O10.Core\O10.Core.csproj", "{EC7E5756-C2F6-40A7-8F5B-C8740DF3A5A9}"
EndProject
Project("{9A19103F-16F7-4668-BE54-9A1E7A4F7556}") = "Chaos.NaCl", "Common\Crypto\Chaos.NaCl\Chaos.NaCl.csproj", "{D50F9107-FC2E-44DF-ABAD-510CC70E2E54}"
EndProject
Project("{9A19103F-16F7-4668-BE54-9A1E7A4F7556}") = "O10.Transactions.Core", "Common\O10.Transactions.Core\O10.Transactions.Core.csproj", "{A88CE212-6EE8-4F77-A5FC-6E4D02A91F6A}"
EndProject
Project("{9A19103F-16F7-4668-BE54-9A1E7A4F7556}") = "O10.Crypto", "Common\Crypto\O10.Crypto\O10.Crypto.csproj", "{78DCDBFC-7FB0-4783-B172-C6043D6AA9DC}"
EndProject
Project("{9A19103F-16F7-4668-BE54-9A1E7A4F7556}") = "CoreHashLib", "Common\Crypto\HashLib\CoreHashLib\CoreHashLib.csproj", "{9D352643-DCF0-408F-9A11-65DC1D110E83}"
EndProject
Project("{9A19103F-16F7-4668-BE54-9A1E7A4F7556}") = "O10.Client.Common", "Client\Common\O10.Client.Common\O10.Client.Common.csproj", "{8D90CED0-5831-4FED-A1E2-9B56CB6E2D7A}"
EndProject
Project("{9A19103F-16F7-4668-BE54-9A1E7A4F7556}") = "O10.Client.Web.Portal", "Client\Web\O10.Client.Web.Portal\O10.Client.Web.Portal.csproj", "{85927345-9662-44E4-A9D0-84A6EFA43F4A}"
EndProject
Project("{9A19103F-16F7-4668-BE54-9A1E7A4F7556}") = "O10.Tracking.ApplicationInsights", "Common\O10.Tracking.ApplicationInsights\O10.Tracking.ApplicationInsights.csproj", "{3B3C80E3-72BD-4AFB-AC54-FD1381DB75B8}"
EndProject
Project("{9A19103F-16F7-4668-BE54-9A1E7A4F7556}") = "O10.Client.DataLayer", "Client\Common\O10.Client.DataLayer\O10.Client.DataLayer.csproj", "{6BDCA92B-0592-4A83-9660-B1FE24979D73}"
EndProject
Project("{9A19103F-16F7-4668-BE54-9A1E7A4F7556}") = "O10.Client.DataLayer.SQLite", "Client\Common\O10.Client.DataLayer.SQLite\O10.Client.DataLayer.SQLite.csproj", "{DB515C15-774B-4AE9-8C50-C7E7BD7688E3}"
EndProject
Project("{9A19103F-16F7-4668-BE54-9A1E7A4F7556}") = "O10.Client.DataLayer.SqlServer", "Client\Common\O10.Client.DataLayer.SqlServer\O10.Client.DataLayer.SqlServer.csproj", "{EBB8A154-0DE3-4C0B-A7E2-6390F61FB43B}"
EndProject
Project("{9A19103F-16F7-4668-BE54-9A1E7A4F7556}") = "O10.Client.Web.Common", "Client\Web\O10.Client.Web.Common\O10.Client.Web.Common.csproj", "{1B314B10-8E51-42DB-9A64-B07B991843E7}"
EndProject
Project("{9A19103F-16F7-4668-BE54-9A1E7A4F7556}") = "O10.Client.Web.IdentityProvider.Common", "Client\Web\IdentityProvider\O10.Client.Web.IdentityProvider.Common\O10.Client.Web.IdentityProvider.Common.csproj", "{A6CF4380-5134-41A0-873C-586C9249A08A}"
EndProject
Project("{2150E333-8FDC-42A3-9474-1A3956D46DE8}") = "IdenityProvider", "IdenityProvider", "{49E278E4-85B1-4F2E-9470-E4E0208D0396}"
EndProject
Project("{9A19103F-16F7-4668-BE54-9A1E7A4F7556}") = "O10.Client.Web.IdentityProvider.DataLayer", "Client\Web\IdentityProvider\O10.Client.Web.IdentityProvider.DataLayer\O10.Client.Web.IdentityProvider.DataLayer.csproj", "{345AE061-F2FC-4BA2-BEFD-38D575A32703}"
EndProject
Project("{9A19103F-16F7-4668-BE54-9A1E7A4F7556}") = "O10.Client.Web.IdentityProvider.DataLayer.SQLite", "Client\Web\IdentityProvider\O10.Client.Web.IdentityProvider.DataLayer.SQLite\O10.Client.Web.IdentityProvider.DataLayer.SQLite.csproj", "{B27E073C-AE37-47D9-B0A7-158465CB21C7}"
EndProject
Project("{9A19103F-16F7-4668-BE54-9A1E7A4F7556}") = "O10.Client.Web.IdentityProvider.DataLayer.SqlServer", "Client\Web\IdentityProvider\O10.Client.Web.IdentityProvider.DataLayer.SqlServer\O10.Client.Web.IdentityProvider.DataLayer.SqlServer.csproj", "{42044B3C-2884-4311-B84D-E1533050C178}"
EndProject
Project("{9A19103F-16F7-4668-BE54-9A1E7A4F7556}") = "Saml2.Authentication.Core", "Client\Web\Saml\Saml2.Authentication.Core\Saml2.Authentication.Core.csproj", "{103D9CC4-2AC4-4884-9D6B-81AF6AF81B63}"
EndProject
Project("{2150E333-8FDC-42A3-9474-1A3956D46DE8}") = "SAML", "SAML", "{E9D5908A-5B1E-45CB-9135-86908C9015EC}"
EndProject
Project("{9A19103F-16F7-4668-BE54-9A1E7A4F7556}") = "O10.Client.Web.Saml.Common", "Client\Web\Saml\O10.Client.Web.Saml.Common\O10.Client.Web.Saml.Common.csproj", "{6F70AD91-64EE-4037-B37A-2491E576AC85}"
EndProject
Project("{9A19103F-16F7-4668-BE54-9A1E7A4F7556}") = "Cryptography.ECDSA", "Common\Crypto\Cryptography.ECDSA\Cryptography.ECDSA.csproj", "{6DDEE492-D186-47E4-9F95-B10FAC574233}"
EndProject
Project("{2150E333-8FDC-42A3-9474-1A3956D46DE8}") = "Integrations", "Integrations", "{E99A4365-AF20-41EB-ABCB-9368CE82A419}"
EndProject
Project("{2150E333-8FDC-42A3-9474-1A3956D46DE8}") = "Rsk", "Rsk", "{28E99DE3-F23F-4C5E-8A45-27E3BA208C5C}"
EndProject
Project("{9A19103F-16F7-4668-BE54-9A1E7A4F7556}") = "O10.Integrations.Rsk.Web", "Integrations\Rsk\O10.Integrations.Rsk.Web\O10.Integrations.Rsk.Web.csproj", "{37B90793-94DA-44BA-A46F-B15E5D76885D}"
EndProject
Project("{9A19103F-16F7-4668-BE54-9A1E7A4F7556}") = "O10Idp", "Integrations\Rsk\Wrappers\O10Idp\O10Idp.csproj", "{8747DD10-F07C-4DD0-8A81-676A983CC2DC}"
EndProject
Global
	GlobalSection(SolutionConfigurationPlatforms) = preSolution
		Debug|Any CPU = Debug|Any CPU
		Debug|x64 = Debug|x64
		Debug|x86 = Debug|x86
		Release|Any CPU = Release|Any CPU
		Release|x64 = Release|x64
		Release|x86 = Release|x86
	EndGlobalSection
	GlobalSection(ProjectConfigurationPlatforms) = postSolution
		{EC7E5756-C2F6-40A7-8F5B-C8740DF3A5A9}.Debug|Any CPU.ActiveCfg = Debug|Any CPU
		{EC7E5756-C2F6-40A7-8F5B-C8740DF3A5A9}.Debug|Any CPU.Build.0 = Debug|Any CPU
		{EC7E5756-C2F6-40A7-8F5B-C8740DF3A5A9}.Debug|x64.ActiveCfg = Debug|Any CPU
		{EC7E5756-C2F6-40A7-8F5B-C8740DF3A5A9}.Debug|x64.Build.0 = Debug|Any CPU
		{EC7E5756-C2F6-40A7-8F5B-C8740DF3A5A9}.Debug|x86.ActiveCfg = Debug|Any CPU
		{EC7E5756-C2F6-40A7-8F5B-C8740DF3A5A9}.Debug|x86.Build.0 = Debug|Any CPU
		{EC7E5756-C2F6-40A7-8F5B-C8740DF3A5A9}.Release|Any CPU.ActiveCfg = Release|Any CPU
		{EC7E5756-C2F6-40A7-8F5B-C8740DF3A5A9}.Release|Any CPU.Build.0 = Release|Any CPU
		{EC7E5756-C2F6-40A7-8F5B-C8740DF3A5A9}.Release|x64.ActiveCfg = Release|Any CPU
		{EC7E5756-C2F6-40A7-8F5B-C8740DF3A5A9}.Release|x64.Build.0 = Release|Any CPU
		{EC7E5756-C2F6-40A7-8F5B-C8740DF3A5A9}.Release|x86.ActiveCfg = Release|Any CPU
		{EC7E5756-C2F6-40A7-8F5B-C8740DF3A5A9}.Release|x86.Build.0 = Release|Any CPU
		{D50F9107-FC2E-44DF-ABAD-510CC70E2E54}.Debug|Any CPU.ActiveCfg = Debug|Any CPU
		{D50F9107-FC2E-44DF-ABAD-510CC70E2E54}.Debug|Any CPU.Build.0 = Debug|Any CPU
		{D50F9107-FC2E-44DF-ABAD-510CC70E2E54}.Debug|x64.ActiveCfg = Debug|Any CPU
		{D50F9107-FC2E-44DF-ABAD-510CC70E2E54}.Debug|x64.Build.0 = Debug|Any CPU
		{D50F9107-FC2E-44DF-ABAD-510CC70E2E54}.Debug|x86.ActiveCfg = Debug|Any CPU
		{D50F9107-FC2E-44DF-ABAD-510CC70E2E54}.Debug|x86.Build.0 = Debug|Any CPU
		{D50F9107-FC2E-44DF-ABAD-510CC70E2E54}.Release|Any CPU.ActiveCfg = Release|Any CPU
		{D50F9107-FC2E-44DF-ABAD-510CC70E2E54}.Release|Any CPU.Build.0 = Release|Any CPU
		{D50F9107-FC2E-44DF-ABAD-510CC70E2E54}.Release|x64.ActiveCfg = Release|Any CPU
		{D50F9107-FC2E-44DF-ABAD-510CC70E2E54}.Release|x64.Build.0 = Release|Any CPU
		{D50F9107-FC2E-44DF-ABAD-510CC70E2E54}.Release|x86.ActiveCfg = Release|Any CPU
		{D50F9107-FC2E-44DF-ABAD-510CC70E2E54}.Release|x86.Build.0 = Release|Any CPU
		{A88CE212-6EE8-4F77-A5FC-6E4D02A91F6A}.Debug|Any CPU.ActiveCfg = Debug|Any CPU
		{A88CE212-6EE8-4F77-A5FC-6E4D02A91F6A}.Debug|Any CPU.Build.0 = Debug|Any CPU
		{A88CE212-6EE8-4F77-A5FC-6E4D02A91F6A}.Debug|x64.ActiveCfg = Debug|Any CPU
		{A88CE212-6EE8-4F77-A5FC-6E4D02A91F6A}.Debug|x64.Build.0 = Debug|Any CPU
		{A88CE212-6EE8-4F77-A5FC-6E4D02A91F6A}.Debug|x86.ActiveCfg = Debug|Any CPU
		{A88CE212-6EE8-4F77-A5FC-6E4D02A91F6A}.Debug|x86.Build.0 = Debug|Any CPU
		{A88CE212-6EE8-4F77-A5FC-6E4D02A91F6A}.Release|Any CPU.ActiveCfg = Release|Any CPU
		{A88CE212-6EE8-4F77-A5FC-6E4D02A91F6A}.Release|Any CPU.Build.0 = Release|Any CPU
		{A88CE212-6EE8-4F77-A5FC-6E4D02A91F6A}.Release|x64.ActiveCfg = Release|Any CPU
		{A88CE212-6EE8-4F77-A5FC-6E4D02A91F6A}.Release|x64.Build.0 = Release|Any CPU
		{A88CE212-6EE8-4F77-A5FC-6E4D02A91F6A}.Release|x86.ActiveCfg = Release|Any CPU
		{A88CE212-6EE8-4F77-A5FC-6E4D02A91F6A}.Release|x86.Build.0 = Release|Any CPU
		{78DCDBFC-7FB0-4783-B172-C6043D6AA9DC}.Debug|Any CPU.ActiveCfg = Debug|Any CPU
		{78DCDBFC-7FB0-4783-B172-C6043D6AA9DC}.Debug|Any CPU.Build.0 = Debug|Any CPU
		{78DCDBFC-7FB0-4783-B172-C6043D6AA9DC}.Debug|x64.ActiveCfg = Debug|Any CPU
		{78DCDBFC-7FB0-4783-B172-C6043D6AA9DC}.Debug|x64.Build.0 = Debug|Any CPU
		{78DCDBFC-7FB0-4783-B172-C6043D6AA9DC}.Debug|x86.ActiveCfg = Debug|Any CPU
		{78DCDBFC-7FB0-4783-B172-C6043D6AA9DC}.Debug|x86.Build.0 = Debug|Any CPU
		{78DCDBFC-7FB0-4783-B172-C6043D6AA9DC}.Release|Any CPU.ActiveCfg = Release|Any CPU
		{78DCDBFC-7FB0-4783-B172-C6043D6AA9DC}.Release|Any CPU.Build.0 = Release|Any CPU
		{78DCDBFC-7FB0-4783-B172-C6043D6AA9DC}.Release|x64.ActiveCfg = Release|Any CPU
		{78DCDBFC-7FB0-4783-B172-C6043D6AA9DC}.Release|x64.Build.0 = Release|Any CPU
		{78DCDBFC-7FB0-4783-B172-C6043D6AA9DC}.Release|x86.ActiveCfg = Release|Any CPU
		{78DCDBFC-7FB0-4783-B172-C6043D6AA9DC}.Release|x86.Build.0 = Release|Any CPU
		{9D352643-DCF0-408F-9A11-65DC1D110E83}.Debug|Any CPU.ActiveCfg = Debug|Any CPU
		{9D352643-DCF0-408F-9A11-65DC1D110E83}.Debug|Any CPU.Build.0 = Debug|Any CPU
		{9D352643-DCF0-408F-9A11-65DC1D110E83}.Debug|x64.ActiveCfg = Debug|Any CPU
		{9D352643-DCF0-408F-9A11-65DC1D110E83}.Debug|x64.Build.0 = Debug|Any CPU
		{9D352643-DCF0-408F-9A11-65DC1D110E83}.Debug|x86.ActiveCfg = Debug|Any CPU
		{9D352643-DCF0-408F-9A11-65DC1D110E83}.Debug|x86.Build.0 = Debug|Any CPU
		{9D352643-DCF0-408F-9A11-65DC1D110E83}.Release|Any CPU.ActiveCfg = Release|Any CPU
		{9D352643-DCF0-408F-9A11-65DC1D110E83}.Release|Any CPU.Build.0 = Release|Any CPU
		{9D352643-DCF0-408F-9A11-65DC1D110E83}.Release|x64.ActiveCfg = Release|Any CPU
		{9D352643-DCF0-408F-9A11-65DC1D110E83}.Release|x64.Build.0 = Release|Any CPU
		{9D352643-DCF0-408F-9A11-65DC1D110E83}.Release|x86.ActiveCfg = Release|Any CPU
		{9D352643-DCF0-408F-9A11-65DC1D110E83}.Release|x86.Build.0 = Release|Any CPU
		{8D90CED0-5831-4FED-A1E2-9B56CB6E2D7A}.Debug|Any CPU.ActiveCfg = Debug|Any CPU
		{8D90CED0-5831-4FED-A1E2-9B56CB6E2D7A}.Debug|Any CPU.Build.0 = Debug|Any CPU
		{8D90CED0-5831-4FED-A1E2-9B56CB6E2D7A}.Debug|x64.ActiveCfg = Debug|Any CPU
		{8D90CED0-5831-4FED-A1E2-9B56CB6E2D7A}.Debug|x64.Build.0 = Debug|Any CPU
		{8D90CED0-5831-4FED-A1E2-9B56CB6E2D7A}.Debug|x86.ActiveCfg = Debug|Any CPU
		{8D90CED0-5831-4FED-A1E2-9B56CB6E2D7A}.Debug|x86.Build.0 = Debug|Any CPU
		{8D90CED0-5831-4FED-A1E2-9B56CB6E2D7A}.Release|Any CPU.ActiveCfg = Release|Any CPU
		{8D90CED0-5831-4FED-A1E2-9B56CB6E2D7A}.Release|Any CPU.Build.0 = Release|Any CPU
		{8D90CED0-5831-4FED-A1E2-9B56CB6E2D7A}.Release|x64.ActiveCfg = Release|Any CPU
		{8D90CED0-5831-4FED-A1E2-9B56CB6E2D7A}.Release|x64.Build.0 = Release|Any CPU
		{8D90CED0-5831-4FED-A1E2-9B56CB6E2D7A}.Release|x86.ActiveCfg = Release|Any CPU
		{8D90CED0-5831-4FED-A1E2-9B56CB6E2D7A}.Release|x86.Build.0 = Release|Any CPU
		{85927345-9662-44E4-A9D0-84A6EFA43F4A}.Debug|Any CPU.ActiveCfg = Debug|Any CPU
		{85927345-9662-44E4-A9D0-84A6EFA43F4A}.Debug|Any CPU.Build.0 = Debug|Any CPU
		{85927345-9662-44E4-A9D0-84A6EFA43F4A}.Debug|x64.ActiveCfg = Debug|Any CPU
		{85927345-9662-44E4-A9D0-84A6EFA43F4A}.Debug|x64.Build.0 = Debug|Any CPU
		{85927345-9662-44E4-A9D0-84A6EFA43F4A}.Debug|x86.ActiveCfg = Debug|Any CPU
		{85927345-9662-44E4-A9D0-84A6EFA43F4A}.Debug|x86.Build.0 = Debug|Any CPU
		{85927345-9662-44E4-A9D0-84A6EFA43F4A}.Release|Any CPU.ActiveCfg = Release|Any CPU
		{85927345-9662-44E4-A9D0-84A6EFA43F4A}.Release|Any CPU.Build.0 = Release|Any CPU
		{85927345-9662-44E4-A9D0-84A6EFA43F4A}.Release|x64.ActiveCfg = Release|Any CPU
		{85927345-9662-44E4-A9D0-84A6EFA43F4A}.Release|x64.Build.0 = Release|Any CPU
		{85927345-9662-44E4-A9D0-84A6EFA43F4A}.Release|x86.ActiveCfg = Release|Any CPU
		{85927345-9662-44E4-A9D0-84A6EFA43F4A}.Release|x86.Build.0 = Release|Any CPU
		{3B3C80E3-72BD-4AFB-AC54-FD1381DB75B8}.Debug|Any CPU.ActiveCfg = Debug|Any CPU
		{3B3C80E3-72BD-4AFB-AC54-FD1381DB75B8}.Debug|Any CPU.Build.0 = Debug|Any CPU
		{3B3C80E3-72BD-4AFB-AC54-FD1381DB75B8}.Debug|x64.ActiveCfg = Debug|Any CPU
		{3B3C80E3-72BD-4AFB-AC54-FD1381DB75B8}.Debug|x64.Build.0 = Debug|Any CPU
		{3B3C80E3-72BD-4AFB-AC54-FD1381DB75B8}.Debug|x86.ActiveCfg = Debug|Any CPU
		{3B3C80E3-72BD-4AFB-AC54-FD1381DB75B8}.Debug|x86.Build.0 = Debug|Any CPU
		{3B3C80E3-72BD-4AFB-AC54-FD1381DB75B8}.Release|Any CPU.ActiveCfg = Release|Any CPU
		{3B3C80E3-72BD-4AFB-AC54-FD1381DB75B8}.Release|Any CPU.Build.0 = Release|Any CPU
		{3B3C80E3-72BD-4AFB-AC54-FD1381DB75B8}.Release|x64.ActiveCfg = Release|Any CPU
		{3B3C80E3-72BD-4AFB-AC54-FD1381DB75B8}.Release|x64.Build.0 = Release|Any CPU
		{3B3C80E3-72BD-4AFB-AC54-FD1381DB75B8}.Release|x86.ActiveCfg = Release|Any CPU
		{3B3C80E3-72BD-4AFB-AC54-FD1381DB75B8}.Release|x86.Build.0 = Release|Any CPU
		{6BDCA92B-0592-4A83-9660-B1FE24979D73}.Debug|Any CPU.ActiveCfg = Debug|Any CPU
		{6BDCA92B-0592-4A83-9660-B1FE24979D73}.Debug|Any CPU.Build.0 = Debug|Any CPU
		{6BDCA92B-0592-4A83-9660-B1FE24979D73}.Debug|x64.ActiveCfg = Debug|Any CPU
		{6BDCA92B-0592-4A83-9660-B1FE24979D73}.Debug|x64.Build.0 = Debug|Any CPU
		{6BDCA92B-0592-4A83-9660-B1FE24979D73}.Debug|x86.ActiveCfg = Debug|Any CPU
		{6BDCA92B-0592-4A83-9660-B1FE24979D73}.Debug|x86.Build.0 = Debug|Any CPU
		{6BDCA92B-0592-4A83-9660-B1FE24979D73}.Release|Any CPU.ActiveCfg = Release|Any CPU
		{6BDCA92B-0592-4A83-9660-B1FE24979D73}.Release|Any CPU.Build.0 = Release|Any CPU
		{6BDCA92B-0592-4A83-9660-B1FE24979D73}.Release|x64.ActiveCfg = Release|Any CPU
		{6BDCA92B-0592-4A83-9660-B1FE24979D73}.Release|x64.Build.0 = Release|Any CPU
		{6BDCA92B-0592-4A83-9660-B1FE24979D73}.Release|x86.ActiveCfg = Release|Any CPU
		{6BDCA92B-0592-4A83-9660-B1FE24979D73}.Release|x86.Build.0 = Release|Any CPU
		{DB515C15-774B-4AE9-8C50-C7E7BD7688E3}.Debug|Any CPU.ActiveCfg = Debug|Any CPU
		{DB515C15-774B-4AE9-8C50-C7E7BD7688E3}.Debug|Any CPU.Build.0 = Debug|Any CPU
		{DB515C15-774B-4AE9-8C50-C7E7BD7688E3}.Debug|x64.ActiveCfg = Debug|Any CPU
		{DB515C15-774B-4AE9-8C50-C7E7BD7688E3}.Debug|x64.Build.0 = Debug|Any CPU
		{DB515C15-774B-4AE9-8C50-C7E7BD7688E3}.Debug|x86.ActiveCfg = Debug|Any CPU
		{DB515C15-774B-4AE9-8C50-C7E7BD7688E3}.Debug|x86.Build.0 = Debug|Any CPU
		{DB515C15-774B-4AE9-8C50-C7E7BD7688E3}.Release|Any CPU.ActiveCfg = Release|Any CPU
		{DB515C15-774B-4AE9-8C50-C7E7BD7688E3}.Release|Any CPU.Build.0 = Release|Any CPU
		{DB515C15-774B-4AE9-8C50-C7E7BD7688E3}.Release|x64.ActiveCfg = Release|Any CPU
		{DB515C15-774B-4AE9-8C50-C7E7BD7688E3}.Release|x64.Build.0 = Release|Any CPU
		{DB515C15-774B-4AE9-8C50-C7E7BD7688E3}.Release|x86.ActiveCfg = Release|Any CPU
		{DB515C15-774B-4AE9-8C50-C7E7BD7688E3}.Release|x86.Build.0 = Release|Any CPU
		{EBB8A154-0DE3-4C0B-A7E2-6390F61FB43B}.Debug|Any CPU.ActiveCfg = Debug|Any CPU
		{EBB8A154-0DE3-4C0B-A7E2-6390F61FB43B}.Debug|Any CPU.Build.0 = Debug|Any CPU
		{EBB8A154-0DE3-4C0B-A7E2-6390F61FB43B}.Debug|x64.ActiveCfg = Debug|Any CPU
		{EBB8A154-0DE3-4C0B-A7E2-6390F61FB43B}.Debug|x64.Build.0 = Debug|Any CPU
		{EBB8A154-0DE3-4C0B-A7E2-6390F61FB43B}.Debug|x86.ActiveCfg = Debug|Any CPU
		{EBB8A154-0DE3-4C0B-A7E2-6390F61FB43B}.Debug|x86.Build.0 = Debug|Any CPU
		{EBB8A154-0DE3-4C0B-A7E2-6390F61FB43B}.Release|Any CPU.ActiveCfg = Release|Any CPU
		{EBB8A154-0DE3-4C0B-A7E2-6390F61FB43B}.Release|Any CPU.Build.0 = Release|Any CPU
		{EBB8A154-0DE3-4C0B-A7E2-6390F61FB43B}.Release|x64.ActiveCfg = Release|Any CPU
		{EBB8A154-0DE3-4C0B-A7E2-6390F61FB43B}.Release|x64.Build.0 = Release|Any CPU
		{EBB8A154-0DE3-4C0B-A7E2-6390F61FB43B}.Release|x86.ActiveCfg = Release|Any CPU
		{EBB8A154-0DE3-4C0B-A7E2-6390F61FB43B}.Release|x86.Build.0 = Release|Any CPU
		{1B314B10-8E51-42DB-9A64-B07B991843E7}.Debug|Any CPU.ActiveCfg = Debug|Any CPU
		{1B314B10-8E51-42DB-9A64-B07B991843E7}.Debug|Any CPU.Build.0 = Debug|Any CPU
		{1B314B10-8E51-42DB-9A64-B07B991843E7}.Debug|x64.ActiveCfg = Debug|Any CPU
		{1B314B10-8E51-42DB-9A64-B07B991843E7}.Debug|x64.Build.0 = Debug|Any CPU
		{1B314B10-8E51-42DB-9A64-B07B991843E7}.Debug|x86.ActiveCfg = Debug|Any CPU
		{1B314B10-8E51-42DB-9A64-B07B991843E7}.Debug|x86.Build.0 = Debug|Any CPU
		{1B314B10-8E51-42DB-9A64-B07B991843E7}.Release|Any CPU.ActiveCfg = Release|Any CPU
		{1B314B10-8E51-42DB-9A64-B07B991843E7}.Release|Any CPU.Build.0 = Release|Any CPU
		{1B314B10-8E51-42DB-9A64-B07B991843E7}.Release|x64.ActiveCfg = Release|Any CPU
		{1B314B10-8E51-42DB-9A64-B07B991843E7}.Release|x64.Build.0 = Release|Any CPU
		{1B314B10-8E51-42DB-9A64-B07B991843E7}.Release|x86.ActiveCfg = Release|Any CPU
		{1B314B10-8E51-42DB-9A64-B07B991843E7}.Release|x86.Build.0 = Release|Any CPU
		{A6CF4380-5134-41A0-873C-586C9249A08A}.Debug|Any CPU.ActiveCfg = Debug|Any CPU
		{A6CF4380-5134-41A0-873C-586C9249A08A}.Debug|Any CPU.Build.0 = Debug|Any CPU
		{A6CF4380-5134-41A0-873C-586C9249A08A}.Debug|x64.ActiveCfg = Debug|Any CPU
		{A6CF4380-5134-41A0-873C-586C9249A08A}.Debug|x64.Build.0 = Debug|Any CPU
		{A6CF4380-5134-41A0-873C-586C9249A08A}.Debug|x86.ActiveCfg = Debug|Any CPU
		{A6CF4380-5134-41A0-873C-586C9249A08A}.Debug|x86.Build.0 = Debug|Any CPU
		{A6CF4380-5134-41A0-873C-586C9249A08A}.Release|Any CPU.ActiveCfg = Release|Any CPU
		{A6CF4380-5134-41A0-873C-586C9249A08A}.Release|Any CPU.Build.0 = Release|Any CPU
		{A6CF4380-5134-41A0-873C-586C9249A08A}.Release|x64.ActiveCfg = Release|Any CPU
		{A6CF4380-5134-41A0-873C-586C9249A08A}.Release|x64.Build.0 = Release|Any CPU
		{A6CF4380-5134-41A0-873C-586C9249A08A}.Release|x86.ActiveCfg = Release|Any CPU
		{A6CF4380-5134-41A0-873C-586C9249A08A}.Release|x86.Build.0 = Release|Any CPU
		{345AE061-F2FC-4BA2-BEFD-38D575A32703}.Debug|Any CPU.ActiveCfg = Debug|Any CPU
		{345AE061-F2FC-4BA2-BEFD-38D575A32703}.Debug|Any CPU.Build.0 = Debug|Any CPU
		{345AE061-F2FC-4BA2-BEFD-38D575A32703}.Debug|x64.ActiveCfg = Debug|Any CPU
		{345AE061-F2FC-4BA2-BEFD-38D575A32703}.Debug|x64.Build.0 = Debug|Any CPU
		{345AE061-F2FC-4BA2-BEFD-38D575A32703}.Debug|x86.ActiveCfg = Debug|Any CPU
		{345AE061-F2FC-4BA2-BEFD-38D575A32703}.Debug|x86.Build.0 = Debug|Any CPU
		{345AE061-F2FC-4BA2-BEFD-38D575A32703}.Release|Any CPU.ActiveCfg = Release|Any CPU
		{345AE061-F2FC-4BA2-BEFD-38D575A32703}.Release|Any CPU.Build.0 = Release|Any CPU
		{345AE061-F2FC-4BA2-BEFD-38D575A32703}.Release|x64.ActiveCfg = Release|Any CPU
		{345AE061-F2FC-4BA2-BEFD-38D575A32703}.Release|x64.Build.0 = Release|Any CPU
		{345AE061-F2FC-4BA2-BEFD-38D575A32703}.Release|x86.ActiveCfg = Release|Any CPU
		{345AE061-F2FC-4BA2-BEFD-38D575A32703}.Release|x86.Build.0 = Release|Any CPU
		{B27E073C-AE37-47D9-B0A7-158465CB21C7}.Debug|Any CPU.ActiveCfg = Debug|Any CPU
		{B27E073C-AE37-47D9-B0A7-158465CB21C7}.Debug|Any CPU.Build.0 = Debug|Any CPU
		{B27E073C-AE37-47D9-B0A7-158465CB21C7}.Debug|x64.ActiveCfg = Debug|Any CPU
		{B27E073C-AE37-47D9-B0A7-158465CB21C7}.Debug|x64.Build.0 = Debug|Any CPU
		{B27E073C-AE37-47D9-B0A7-158465CB21C7}.Debug|x86.ActiveCfg = Debug|Any CPU
		{B27E073C-AE37-47D9-B0A7-158465CB21C7}.Debug|x86.Build.0 = Debug|Any CPU
		{B27E073C-AE37-47D9-B0A7-158465CB21C7}.Release|Any CPU.ActiveCfg = Release|Any CPU
		{B27E073C-AE37-47D9-B0A7-158465CB21C7}.Release|Any CPU.Build.0 = Release|Any CPU
		{B27E073C-AE37-47D9-B0A7-158465CB21C7}.Release|x64.ActiveCfg = Release|Any CPU
		{B27E073C-AE37-47D9-B0A7-158465CB21C7}.Release|x64.Build.0 = Release|Any CPU
		{B27E073C-AE37-47D9-B0A7-158465CB21C7}.Release|x86.ActiveCfg = Release|Any CPU
		{B27E073C-AE37-47D9-B0A7-158465CB21C7}.Release|x86.Build.0 = Release|Any CPU
		{42044B3C-2884-4311-B84D-E1533050C178}.Debug|Any CPU.ActiveCfg = Debug|Any CPU
		{42044B3C-2884-4311-B84D-E1533050C178}.Debug|Any CPU.Build.0 = Debug|Any CPU
		{42044B3C-2884-4311-B84D-E1533050C178}.Debug|x64.ActiveCfg = Debug|Any CPU
		{42044B3C-2884-4311-B84D-E1533050C178}.Debug|x64.Build.0 = Debug|Any CPU
		{42044B3C-2884-4311-B84D-E1533050C178}.Debug|x86.ActiveCfg = Debug|Any CPU
		{42044B3C-2884-4311-B84D-E1533050C178}.Debug|x86.Build.0 = Debug|Any CPU
		{42044B3C-2884-4311-B84D-E1533050C178}.Release|Any CPU.ActiveCfg = Release|Any CPU
		{42044B3C-2884-4311-B84D-E1533050C178}.Release|Any CPU.Build.0 = Release|Any CPU
		{42044B3C-2884-4311-B84D-E1533050C178}.Release|x64.ActiveCfg = Release|Any CPU
		{42044B3C-2884-4311-B84D-E1533050C178}.Release|x64.Build.0 = Release|Any CPU
		{42044B3C-2884-4311-B84D-E1533050C178}.Release|x86.ActiveCfg = Release|Any CPU
		{42044B3C-2884-4311-B84D-E1533050C178}.Release|x86.Build.0 = Release|Any CPU
		{103D9CC4-2AC4-4884-9D6B-81AF6AF81B63}.Debug|Any CPU.ActiveCfg = Debug|Any CPU
		{103D9CC4-2AC4-4884-9D6B-81AF6AF81B63}.Debug|Any CPU.Build.0 = Debug|Any CPU
		{103D9CC4-2AC4-4884-9D6B-81AF6AF81B63}.Debug|x64.ActiveCfg = Debug|Any CPU
		{103D9CC4-2AC4-4884-9D6B-81AF6AF81B63}.Debug|x64.Build.0 = Debug|Any CPU
		{103D9CC4-2AC4-4884-9D6B-81AF6AF81B63}.Debug|x86.ActiveCfg = Debug|Any CPU
		{103D9CC4-2AC4-4884-9D6B-81AF6AF81B63}.Debug|x86.Build.0 = Debug|Any CPU
		{103D9CC4-2AC4-4884-9D6B-81AF6AF81B63}.Release|Any CPU.ActiveCfg = Release|Any CPU
		{103D9CC4-2AC4-4884-9D6B-81AF6AF81B63}.Release|Any CPU.Build.0 = Release|Any CPU
		{103D9CC4-2AC4-4884-9D6B-81AF6AF81B63}.Release|x64.ActiveCfg = Release|Any CPU
		{103D9CC4-2AC4-4884-9D6B-81AF6AF81B63}.Release|x64.Build.0 = Release|Any CPU
		{103D9CC4-2AC4-4884-9D6B-81AF6AF81B63}.Release|x86.ActiveCfg = Release|Any CPU
		{103D9CC4-2AC4-4884-9D6B-81AF6AF81B63}.Release|x86.Build.0 = Release|Any CPU
		{6F70AD91-64EE-4037-B37A-2491E576AC85}.Debug|Any CPU.ActiveCfg = Debug|Any CPU
		{6F70AD91-64EE-4037-B37A-2491E576AC85}.Debug|Any CPU.Build.0 = Debug|Any CPU
		{6F70AD91-64EE-4037-B37A-2491E576AC85}.Debug|x64.ActiveCfg = Debug|Any CPU
		{6F70AD91-64EE-4037-B37A-2491E576AC85}.Debug|x64.Build.0 = Debug|Any CPU
		{6F70AD91-64EE-4037-B37A-2491E576AC85}.Debug|x86.ActiveCfg = Debug|Any CPU
		{6F70AD91-64EE-4037-B37A-2491E576AC85}.Debug|x86.Build.0 = Debug|Any CPU
		{6F70AD91-64EE-4037-B37A-2491E576AC85}.Release|Any CPU.ActiveCfg = Release|Any CPU
		{6F70AD91-64EE-4037-B37A-2491E576AC85}.Release|Any CPU.Build.0 = Release|Any CPU
		{6F70AD91-64EE-4037-B37A-2491E576AC85}.Release|x64.ActiveCfg = Release|Any CPU
		{6F70AD91-64EE-4037-B37A-2491E576AC85}.Release|x64.Build.0 = Release|Any CPU
		{6F70AD91-64EE-4037-B37A-2491E576AC85}.Release|x86.ActiveCfg = Release|Any CPU
		{6F70AD91-64EE-4037-B37A-2491E576AC85}.Release|x86.Build.0 = Release|Any CPU
		{6DDEE492-D186-47E4-9F95-B10FAC574233}.Debug|Any CPU.ActiveCfg = Debug|Any CPU
		{6DDEE492-D186-47E4-9F95-B10FAC574233}.Debug|Any CPU.Build.0 = Debug|Any CPU
		{6DDEE492-D186-47E4-9F95-B10FAC574233}.Debug|x64.ActiveCfg = Debug|Any CPU
		{6DDEE492-D186-47E4-9F95-B10FAC574233}.Debug|x64.Build.0 = Debug|Any CPU
		{6DDEE492-D186-47E4-9F95-B10FAC574233}.Debug|x86.ActiveCfg = Debug|Any CPU
		{6DDEE492-D186-47E4-9F95-B10FAC574233}.Debug|x86.Build.0 = Debug|Any CPU
		{6DDEE492-D186-47E4-9F95-B10FAC574233}.Release|Any CPU.ActiveCfg = Release|Any CPU
		{6DDEE492-D186-47E4-9F95-B10FAC574233}.Release|Any CPU.Build.0 = Release|Any CPU
		{6DDEE492-D186-47E4-9F95-B10FAC574233}.Release|x64.ActiveCfg = Release|Any CPU
		{6DDEE492-D186-47E4-9F95-B10FAC574233}.Release|x64.Build.0 = Release|Any CPU
		{6DDEE492-D186-47E4-9F95-B10FAC574233}.Release|x86.ActiveCfg = Release|Any CPU
		{6DDEE492-D186-47E4-9F95-B10FAC574233}.Release|x86.Build.0 = Release|Any CPU
		{37B90793-94DA-44BA-A46F-B15E5D76885D}.Debug|Any CPU.ActiveCfg = Debug|Any CPU
		{37B90793-94DA-44BA-A46F-B15E5D76885D}.Debug|Any CPU.Build.0 = Debug|Any CPU
		{37B90793-94DA-44BA-A46F-B15E5D76885D}.Debug|x64.ActiveCfg = Debug|Any CPU
		{37B90793-94DA-44BA-A46F-B15E5D76885D}.Debug|x64.Build.0 = Debug|Any CPU
		{37B90793-94DA-44BA-A46F-B15E5D76885D}.Debug|x86.ActiveCfg = Debug|Any CPU
		{37B90793-94DA-44BA-A46F-B15E5D76885D}.Debug|x86.Build.0 = Debug|Any CPU
		{37B90793-94DA-44BA-A46F-B15E5D76885D}.Release|Any CPU.ActiveCfg = Release|Any CPU
		{37B90793-94DA-44BA-A46F-B15E5D76885D}.Release|Any CPU.Build.0 = Release|Any CPU
		{37B90793-94DA-44BA-A46F-B15E5D76885D}.Release|x64.ActiveCfg = Release|Any CPU
		{37B90793-94DA-44BA-A46F-B15E5D76885D}.Release|x64.Build.0 = Release|Any CPU
		{37B90793-94DA-44BA-A46F-B15E5D76885D}.Release|x86.ActiveCfg = Release|Any CPU
		{37B90793-94DA-44BA-A46F-B15E5D76885D}.Release|x86.Build.0 = Release|Any CPU
		{8747DD10-F07C-4DD0-8A81-676A983CC2DC}.Debug|Any CPU.ActiveCfg = Debug|Any CPU
		{8747DD10-F07C-4DD0-8A81-676A983CC2DC}.Debug|Any CPU.Build.0 = Debug|Any CPU
		{8747DD10-F07C-4DD0-8A81-676A983CC2DC}.Debug|x64.ActiveCfg = Debug|Any CPU
		{8747DD10-F07C-4DD0-8A81-676A983CC2DC}.Debug|x64.Build.0 = Debug|Any CPU
		{8747DD10-F07C-4DD0-8A81-676A983CC2DC}.Debug|x86.ActiveCfg = Debug|Any CPU
		{8747DD10-F07C-4DD0-8A81-676A983CC2DC}.Debug|x86.Build.0 = Debug|Any CPU
		{8747DD10-F07C-4DD0-8A81-676A983CC2DC}.Release|Any CPU.ActiveCfg = Release|Any CPU
		{8747DD10-F07C-4DD0-8A81-676A983CC2DC}.Release|Any CPU.Build.0 = Release|Any CPU
		{8747DD10-F07C-4DD0-8A81-676A983CC2DC}.Release|x64.ActiveCfg = Release|Any CPU
		{8747DD10-F07C-4DD0-8A81-676A983CC2DC}.Release|x64.Build.0 = Release|Any CPU
		{8747DD10-F07C-4DD0-8A81-676A983CC2DC}.Release|x86.ActiveCfg = Release|Any CPU
		{8747DD10-F07C-4DD0-8A81-676A983CC2DC}.Release|x86.Build.0 = Release|Any CPU
	EndGlobalSection
	GlobalSection(SolutionProperties) = preSolution
		HideSolutionNode = FALSE
	EndGlobalSection
	GlobalSection(NestedProjects) = preSolution
		{D50F9107-FC2E-44DF-ABAD-510CC70E2E54} = {1E89ACFB-CB40-4666-8246-5378DC3EB058}
		{A88CE212-6EE8-4F77-A5FC-6E4D02A91F6A} = {7EAABD3F-EDFD-4E08-B9AC-4F28F17C3CD6}
		{78DCDBFC-7FB0-4783-B172-C6043D6AA9DC} = {1E89ACFB-CB40-4666-8246-5378DC3EB058}
		{9D352643-DCF0-408F-9A11-65DC1D110E83} = {1E89ACFB-CB40-4666-8246-5378DC3EB058}
		{8D90CED0-5831-4FED-A1E2-9B56CB6E2D7A} = {FB9369B6-8FB5-47F0-93B1-7C77079F6EFF}
		{85927345-9662-44E4-A9D0-84A6EFA43F4A} = {A586FF1D-7097-4521-A3D3-21A9CC4EB8BF}
		{3B3C80E3-72BD-4AFB-AC54-FD1381DB75B8} = {07E3CFB9-CA99-4E8B-8040-9EC921ABD2F9}
		{6BDCA92B-0592-4A83-9660-B1FE24979D73} = {FB9369B6-8FB5-47F0-93B1-7C77079F6EFF}
		{DB515C15-774B-4AE9-8C50-C7E7BD7688E3} = {FB9369B6-8FB5-47F0-93B1-7C77079F6EFF}
		{EBB8A154-0DE3-4C0B-A7E2-6390F61FB43B} = {FB9369B6-8FB5-47F0-93B1-7C77079F6EFF}
		{1B314B10-8E51-42DB-9A64-B07B991843E7} = {FB9369B6-8FB5-47F0-93B1-7C77079F6EFF}
		{A6CF4380-5134-41A0-873C-586C9249A08A} = {49E278E4-85B1-4F2E-9470-E4E0208D0396}
		{345AE061-F2FC-4BA2-BEFD-38D575A32703} = {49E278E4-85B1-4F2E-9470-E4E0208D0396}
		{B27E073C-AE37-47D9-B0A7-158465CB21C7} = {49E278E4-85B1-4F2E-9470-E4E0208D0396}
		{42044B3C-2884-4311-B84D-E1533050C178} = {49E278E4-85B1-4F2E-9470-E4E0208D0396}
		{103D9CC4-2AC4-4884-9D6B-81AF6AF81B63} = {E9D5908A-5B1E-45CB-9135-86908C9015EC}
		{6F70AD91-64EE-4037-B37A-2491E576AC85} = {E9D5908A-5B1E-45CB-9135-86908C9015EC}
		{6DDEE492-D186-47E4-9F95-B10FAC574233} = {1E89ACFB-CB40-4666-8246-5378DC3EB058}
		{28E99DE3-F23F-4C5E-8A45-27E3BA208C5C} = {E99A4365-AF20-41EB-ABCB-9368CE82A419}
		{37B90793-94DA-44BA-A46F-B15E5D76885D} = {28E99DE3-F23F-4C5E-8A45-27E3BA208C5C}
		{8747DD10-F07C-4DD0-8A81-676A983CC2DC} = {28E99DE3-F23F-4C5E-8A45-27E3BA208C5C}
	EndGlobalSection
	GlobalSection(ExtensibilityGlobals) = postSolution
		SolutionGuid = {7EB9BA20-4E24-4DF9-871A-597326B66D91}
	EndGlobalSection
EndGlobal
