
Microsoft Visual Studio Solution File, Format Version 12.00
# Visual Studio Version 16
VisualStudioVersion = 16.0.29025.244
MinimumVisualStudioVersion = 10.0.40219.1
Project("{2150E333-8FDC-42A3-9474-1A3956D46DE8}") = "Gateway", "Gateway", "{A586FF1D-7097-4521-A3D3-21A9CC4EB8BF}"
EndProject
Project("{2150E333-8FDC-42A3-9474-1A3956D46DE8}") = ".Common", ".Common", "{90A3F924-1E7A-4D1B-BAAA-141133A0BC76}"
EndProject
Project("{9A19103F-16F7-4668-BE54-9A1E7A4F7556}") = "O10.Core", "Common\O10.Core\O10.Core.csproj", "{77E3706E-C721-435B-9E6F-AEB2CD757C3C}"
EndProject
Project("{9A19103F-16F7-4668-BE54-9A1E7A4F7556}") = "O10.Transactions.Core", "Common\O10.Transactions.Core\O10.Transactions.Core.csproj", "{1A3367FB-189B-4E03-A919-736FACCFE971}"
EndProject
Project("{2150E333-8FDC-42A3-9474-1A3956D46DE8}") = "Tracking", "Tracking", "{069E2F9E-C2D0-4362-922B-265CB28F9D44}"
EndProject
Project("{9A19103F-16F7-4668-BE54-9A1E7A4F7556}") = "O10.Tracking.ApplicationInsights", "Common\O10.Tracking.ApplicationInsights\O10.Tracking.ApplicationInsights.csproj", "{A7DB9FBD-A72F-40C0-982F-0693B0C48C6B}"
EndProject
Project("{2150E333-8FDC-42A3-9474-1A3956D46DE8}") = "Crypto", "Crypto", "{6EDD20F9-732C-47C1-B349-C322FF55B46C}"
EndProject
Project("{9A19103F-16F7-4668-BE54-9A1E7A4F7556}") = "Chaos.NaCl", "Common\Crypto\Chaos.NaCl\Chaos.NaCl.csproj", "{696008F1-D961-4D55-BBC4-CFDB50DE327E}"
EndProject
Project("{9A19103F-16F7-4668-BE54-9A1E7A4F7556}") = "CoreHashLib", "Common\Crypto\HashLib\CoreHashLib\CoreHashLib.csproj", "{379BD8C6-21F5-4048-981E-EB5131CF05DD}"
EndProject
Project("{9A19103F-16F7-4668-BE54-9A1E7A4F7556}") = "O10.Crypto", "Common\Crypto\O10.Crypto\O10.Crypto.csproj", "{1D2781D7-B993-4CE9-A171-5DECC286B2FE}"
EndProject
Project("{9A19103F-16F7-4668-BE54-9A1E7A4F7556}") = "O10.Gateway.Common", "Gateway\O10.Gateway.Common\O10.Gateway.Common.csproj", "{B29100E3-35E1-4EE2-A4AE-E168EDB040F5}"
EndProject
Project("{9A19103F-16F7-4668-BE54-9A1E7A4F7556}") = "O10.Gateway.DataLayer", "Gateway\O10.Gateway.DataLayer\O10.Gateway.DataLayer.csproj", "{DD56956D-FED3-49EB-9CFF-34C3638D20A9}"
EndProject
Project("{9A19103F-16F7-4668-BE54-9A1E7A4F7556}") = "O10.Gateway.DataLayer.SQLite", "Gateway\O10.Gateway.DataLayer.SQLite\O10.Gateway.DataLayer.SQLite.csproj", "{7BCE9E75-7621-483E-B7A3-52D0D77CCF8F}"
EndProject
Project("{9A19103F-16F7-4668-BE54-9A1E7A4F7556}") = "O10.Gateway.DataLayer.SqlServer", "Gateway\O10.Gateway.DataLayer.SqlServer\O10.Gateway.DataLayer.SqlServer.csproj", "{E7D0C002-EA61-462D-BED7-7C63E6FDE8E1}"
EndProject
Project("{9A19103F-16F7-4668-BE54-9A1E7A4F7556}") = "O10.Gateway.WebApp.Common", "Gateway\O10.Gateway.WebApp.Common\O10.Gateway.WebApp.Common.csproj", "{CC2EAE25-64DB-462F-9D29-7E8EB0F7538B}"
EndProject
Project("{9A19103F-16F7-4668-BE54-9A1E7A4F7556}") = "O10.Gateway.WebApp", "Gateway\O10.Gateway.WebApp\O10.Gateway.WebApp.csproj", "{2AC8AF24-887A-483D-BF0F-18C20D1748B1}"
EndProject
Global
	GlobalSection(SolutionConfigurationPlatforms) = preSolution
		Debug|Any CPU = Debug|Any CPU
		Debug|x64 = Debug|x64
		Debug|x86 = Debug|x86
		Release|Any CPU = Release|Any CPU
		Release|x64 = Release|x64
		Release|x86 = Release|x86
	EndGlobalSection
	GlobalSection(ProjectConfigurationPlatforms) = postSolution
		{77E3706E-C721-435B-9E6F-AEB2CD757C3C}.Debug|Any CPU.ActiveCfg = Debug|Any CPU
		{77E3706E-C721-435B-9E6F-AEB2CD757C3C}.Debug|Any CPU.Build.0 = Debug|Any CPU
		{77E3706E-C721-435B-9E6F-AEB2CD757C3C}.Debug|x64.ActiveCfg = Debug|Any CPU
		{77E3706E-C721-435B-9E6F-AEB2CD757C3C}.Debug|x64.Build.0 = Debug|Any CPU
		{77E3706E-C721-435B-9E6F-AEB2CD757C3C}.Debug|x86.ActiveCfg = Debug|Any CPU
		{77E3706E-C721-435B-9E6F-AEB2CD757C3C}.Debug|x86.Build.0 = Debug|Any CPU
		{77E3706E-C721-435B-9E6F-AEB2CD757C3C}.Release|Any CPU.ActiveCfg = Release|Any CPU
		{77E3706E-C721-435B-9E6F-AEB2CD757C3C}.Release|Any CPU.Build.0 = Release|Any CPU
		{77E3706E-C721-435B-9E6F-AEB2CD757C3C}.Release|x64.ActiveCfg = Release|Any CPU
		{77E3706E-C721-435B-9E6F-AEB2CD757C3C}.Release|x64.Build.0 = Release|Any CPU
		{77E3706E-C721-435B-9E6F-AEB2CD757C3C}.Release|x86.ActiveCfg = Release|Any CPU
		{77E3706E-C721-435B-9E6F-AEB2CD757C3C}.Release|x86.Build.0 = Release|Any CPU
		{1A3367FB-189B-4E03-A919-736FACCFE971}.Debug|Any CPU.ActiveCfg = Debug|Any CPU
		{1A3367FB-189B-4E03-A919-736FACCFE971}.Debug|Any CPU.Build.0 = Debug|Any CPU
		{1A3367FB-189B-4E03-A919-736FACCFE971}.Debug|x64.ActiveCfg = Debug|Any CPU
		{1A3367FB-189B-4E03-A919-736FACCFE971}.Debug|x64.Build.0 = Debug|Any CPU
		{1A3367FB-189B-4E03-A919-736FACCFE971}.Debug|x86.ActiveCfg = Debug|Any CPU
		{1A3367FB-189B-4E03-A919-736FACCFE971}.Debug|x86.Build.0 = Debug|Any CPU
		{1A3367FB-189B-4E03-A919-736FACCFE971}.Release|Any CPU.ActiveCfg = Release|Any CPU
		{1A3367FB-189B-4E03-A919-736FACCFE971}.Release|Any CPU.Build.0 = Release|Any CPU
		{1A3367FB-189B-4E03-A919-736FACCFE971}.Release|x64.ActiveCfg = Release|Any CPU
		{1A3367FB-189B-4E03-A919-736FACCFE971}.Release|x64.Build.0 = Release|Any CPU
		{1A3367FB-189B-4E03-A919-736FACCFE971}.Release|x86.ActiveCfg = Release|Any CPU
		{1A3367FB-189B-4E03-A919-736FACCFE971}.Release|x86.Build.0 = Release|Any CPU
		{A7DB9FBD-A72F-40C0-982F-0693B0C48C6B}.Debug|Any CPU.ActiveCfg = Debug|Any CPU
		{A7DB9FBD-A72F-40C0-982F-0693B0C48C6B}.Debug|Any CPU.Build.0 = Debug|Any CPU
		{A7DB9FBD-A72F-40C0-982F-0693B0C48C6B}.Debug|x64.ActiveCfg = Debug|Any CPU
		{A7DB9FBD-A72F-40C0-982F-0693B0C48C6B}.Debug|x64.Build.0 = Debug|Any CPU
		{A7DB9FBD-A72F-40C0-982F-0693B0C48C6B}.Debug|x86.ActiveCfg = Debug|Any CPU
		{A7DB9FBD-A72F-40C0-982F-0693B0C48C6B}.Debug|x86.Build.0 = Debug|Any CPU
		{A7DB9FBD-A72F-40C0-982F-0693B0C48C6B}.Release|Any CPU.ActiveCfg = Release|Any CPU
		{A7DB9FBD-A72F-40C0-982F-0693B0C48C6B}.Release|Any CPU.Build.0 = Release|Any CPU
		{A7DB9FBD-A72F-40C0-982F-0693B0C48C6B}.Release|x64.ActiveCfg = Release|Any CPU
		{A7DB9FBD-A72F-40C0-982F-0693B0C48C6B}.Release|x64.Build.0 = Release|Any CPU
		{A7DB9FBD-A72F-40C0-982F-0693B0C48C6B}.Release|x86.ActiveCfg = Release|Any CPU
		{A7DB9FBD-A72F-40C0-982F-0693B0C48C6B}.Release|x86.Build.0 = Release|Any CPU
		{696008F1-D961-4D55-BBC4-CFDB50DE327E}.Debug|Any CPU.ActiveCfg = Debug|Any CPU
		{696008F1-D961-4D55-BBC4-CFDB50DE327E}.Debug|Any CPU.Build.0 = Debug|Any CPU
		{696008F1-D961-4D55-BBC4-CFDB50DE327E}.Debug|x64.ActiveCfg = Debug|Any CPU
		{696008F1-D961-4D55-BBC4-CFDB50DE327E}.Debug|x64.Build.0 = Debug|Any CPU
		{696008F1-D961-4D55-BBC4-CFDB50DE327E}.Debug|x86.ActiveCfg = Debug|Any CPU
		{696008F1-D961-4D55-BBC4-CFDB50DE327E}.Debug|x86.Build.0 = Debug|Any CPU
		{696008F1-D961-4D55-BBC4-CFDB50DE327E}.Release|Any CPU.ActiveCfg = Release|Any CPU
		{696008F1-D961-4D55-BBC4-CFDB50DE327E}.Release|Any CPU.Build.0 = Release|Any CPU
		{696008F1-D961-4D55-BBC4-CFDB50DE327E}.Release|x64.ActiveCfg = Release|Any CPU
		{696008F1-D961-4D55-BBC4-CFDB50DE327E}.Release|x64.Build.0 = Release|Any CPU
		{696008F1-D961-4D55-BBC4-CFDB50DE327E}.Release|x86.ActiveCfg = Release|Any CPU
		{696008F1-D961-4D55-BBC4-CFDB50DE327E}.Release|x86.Build.0 = Release|Any CPU
		{379BD8C6-21F5-4048-981E-EB5131CF05DD}.Debug|Any CPU.ActiveCfg = Debug|Any CPU
		{379BD8C6-21F5-4048-981E-EB5131CF05DD}.Debug|Any CPU.Build.0 = Debug|Any CPU
		{379BD8C6-21F5-4048-981E-EB5131CF05DD}.Debug|x64.ActiveCfg = Debug|Any CPU
		{379BD8C6-21F5-4048-981E-EB5131CF05DD}.Debug|x64.Build.0 = Debug|Any CPU
		{379BD8C6-21F5-4048-981E-EB5131CF05DD}.Debug|x86.ActiveCfg = Debug|Any CPU
		{379BD8C6-21F5-4048-981E-EB5131CF05DD}.Debug|x86.Build.0 = Debug|Any CPU
		{379BD8C6-21F5-4048-981E-EB5131CF05DD}.Release|Any CPU.ActiveCfg = Release|Any CPU
		{379BD8C6-21F5-4048-981E-EB5131CF05DD}.Release|Any CPU.Build.0 = Release|Any CPU
		{379BD8C6-21F5-4048-981E-EB5131CF05DD}.Release|x64.ActiveCfg = Release|Any CPU
		{379BD8C6-21F5-4048-981E-EB5131CF05DD}.Release|x64.Build.0 = Release|Any CPU
		{379BD8C6-21F5-4048-981E-EB5131CF05DD}.Release|x86.ActiveCfg = Release|Any CPU
		{379BD8C6-21F5-4048-981E-EB5131CF05DD}.Release|x86.Build.0 = Release|Any CPU
		{1D2781D7-B993-4CE9-A171-5DECC286B2FE}.Debug|Any CPU.ActiveCfg = Debug|Any CPU
		{1D2781D7-B993-4CE9-A171-5DECC286B2FE}.Debug|Any CPU.Build.0 = Debug|Any CPU
		{1D2781D7-B993-4CE9-A171-5DECC286B2FE}.Debug|x64.ActiveCfg = Debug|Any CPU
		{1D2781D7-B993-4CE9-A171-5DECC286B2FE}.Debug|x64.Build.0 = Debug|Any CPU
		{1D2781D7-B993-4CE9-A171-5DECC286B2FE}.Debug|x86.ActiveCfg = Debug|Any CPU
		{1D2781D7-B993-4CE9-A171-5DECC286B2FE}.Debug|x86.Build.0 = Debug|Any CPU
		{1D2781D7-B993-4CE9-A171-5DECC286B2FE}.Release|Any CPU.ActiveCfg = Release|Any CPU
		{1D2781D7-B993-4CE9-A171-5DECC286B2FE}.Release|Any CPU.Build.0 = Release|Any CPU
		{1D2781D7-B993-4CE9-A171-5DECC286B2FE}.Release|x64.ActiveCfg = Release|Any CPU
		{1D2781D7-B993-4CE9-A171-5DECC286B2FE}.Release|x64.Build.0 = Release|Any CPU
		{1D2781D7-B993-4CE9-A171-5DECC286B2FE}.Release|x86.ActiveCfg = Release|Any CPU
		{1D2781D7-B993-4CE9-A171-5DECC286B2FE}.Release|x86.Build.0 = Release|Any CPU
		{B29100E3-35E1-4EE2-A4AE-E168EDB040F5}.Debug|Any CPU.ActiveCfg = Debug|Any CPU
		{B29100E3-35E1-4EE2-A4AE-E168EDB040F5}.Debug|Any CPU.Build.0 = Debug|Any CPU
		{B29100E3-35E1-4EE2-A4AE-E168EDB040F5}.Debug|x64.ActiveCfg = Debug|Any CPU
		{B29100E3-35E1-4EE2-A4AE-E168EDB040F5}.Debug|x64.Build.0 = Debug|Any CPU
		{B29100E3-35E1-4EE2-A4AE-E168EDB040F5}.Debug|x86.ActiveCfg = Debug|Any CPU
		{B29100E3-35E1-4EE2-A4AE-E168EDB040F5}.Debug|x86.Build.0 = Debug|Any CPU
		{B29100E3-35E1-4EE2-A4AE-E168EDB040F5}.Release|Any CPU.ActiveCfg = Release|Any CPU
		{B29100E3-35E1-4EE2-A4AE-E168EDB040F5}.Release|Any CPU.Build.0 = Release|Any CPU
		{B29100E3-35E1-4EE2-A4AE-E168EDB040F5}.Release|x64.ActiveCfg = Release|Any CPU
		{B29100E3-35E1-4EE2-A4AE-E168EDB040F5}.Release|x64.Build.0 = Release|Any CPU
		{B29100E3-35E1-4EE2-A4AE-E168EDB040F5}.Release|x86.ActiveCfg = Release|Any CPU
		{B29100E3-35E1-4EE2-A4AE-E168EDB040F5}.Release|x86.Build.0 = Release|Any CPU
		{DD56956D-FED3-49EB-9CFF-34C3638D20A9}.Debug|Any CPU.ActiveCfg = Debug|Any CPU
		{DD56956D-FED3-49EB-9CFF-34C3638D20A9}.Debug|Any CPU.Build.0 = Debug|Any CPU
		{DD56956D-FED3-49EB-9CFF-34C3638D20A9}.Debug|x64.ActiveCfg = Debug|Any CPU
		{DD56956D-FED3-49EB-9CFF-34C3638D20A9}.Debug|x64.Build.0 = Debug|Any CPU
		{DD56956D-FED3-49EB-9CFF-34C3638D20A9}.Debug|x86.ActiveCfg = Debug|Any CPU
		{DD56956D-FED3-49EB-9CFF-34C3638D20A9}.Debug|x86.Build.0 = Debug|Any CPU
		{DD56956D-FED3-49EB-9CFF-34C3638D20A9}.Release|Any CPU.ActiveCfg = Release|Any CPU
		{DD56956D-FED3-49EB-9CFF-34C3638D20A9}.Release|Any CPU.Build.0 = Release|Any CPU
		{DD56956D-FED3-49EB-9CFF-34C3638D20A9}.Release|x64.ActiveCfg = Release|Any CPU
		{DD56956D-FED3-49EB-9CFF-34C3638D20A9}.Release|x64.Build.0 = Release|Any CPU
		{DD56956D-FED3-49EB-9CFF-34C3638D20A9}.Release|x86.ActiveCfg = Release|Any CPU
		{DD56956D-FED3-49EB-9CFF-34C3638D20A9}.Release|x86.Build.0 = Release|Any CPU
		{7BCE9E75-7621-483E-B7A3-52D0D77CCF8F}.Debug|Any CPU.ActiveCfg = Debug|Any CPU
		{7BCE9E75-7621-483E-B7A3-52D0D77CCF8F}.Debug|Any CPU.Build.0 = Debug|Any CPU
		{7BCE9E75-7621-483E-B7A3-52D0D77CCF8F}.Debug|x64.ActiveCfg = Debug|Any CPU
		{7BCE9E75-7621-483E-B7A3-52D0D77CCF8F}.Debug|x64.Build.0 = Debug|Any CPU
		{7BCE9E75-7621-483E-B7A3-52D0D77CCF8F}.Debug|x86.ActiveCfg = Debug|Any CPU
		{7BCE9E75-7621-483E-B7A3-52D0D77CCF8F}.Debug|x86.Build.0 = Debug|Any CPU
		{7BCE9E75-7621-483E-B7A3-52D0D77CCF8F}.Release|Any CPU.ActiveCfg = Release|Any CPU
		{7BCE9E75-7621-483E-B7A3-52D0D77CCF8F}.Release|Any CPU.Build.0 = Release|Any CPU
		{7BCE9E75-7621-483E-B7A3-52D0D77CCF8F}.Release|x64.ActiveCfg = Release|Any CPU
		{7BCE9E75-7621-483E-B7A3-52D0D77CCF8F}.Release|x64.Build.0 = Release|Any CPU
		{7BCE9E75-7621-483E-B7A3-52D0D77CCF8F}.Release|x86.ActiveCfg = Release|Any CPU
		{7BCE9E75-7621-483E-B7A3-52D0D77CCF8F}.Release|x86.Build.0 = Release|Any CPU
		{E7D0C002-EA61-462D-BED7-7C63E6FDE8E1}.Debug|Any CPU.ActiveCfg = Debug|Any CPU
		{E7D0C002-EA61-462D-BED7-7C63E6FDE8E1}.Debug|Any CPU.Build.0 = Debug|Any CPU
		{E7D0C002-EA61-462D-BED7-7C63E6FDE8E1}.Debug|x64.ActiveCfg = Debug|Any CPU
		{E7D0C002-EA61-462D-BED7-7C63E6FDE8E1}.Debug|x64.Build.0 = Debug|Any CPU
		{E7D0C002-EA61-462D-BED7-7C63E6FDE8E1}.Debug|x86.ActiveCfg = Debug|Any CPU
		{E7D0C002-EA61-462D-BED7-7C63E6FDE8E1}.Debug|x86.Build.0 = Debug|Any CPU
		{E7D0C002-EA61-462D-BED7-7C63E6FDE8E1}.Release|Any CPU.ActiveCfg = Release|Any CPU
		{E7D0C002-EA61-462D-BED7-7C63E6FDE8E1}.Release|Any CPU.Build.0 = Release|Any CPU
		{E7D0C002-EA61-462D-BED7-7C63E6FDE8E1}.Release|x64.ActiveCfg = Release|Any CPU
		{E7D0C002-EA61-462D-BED7-7C63E6FDE8E1}.Release|x64.Build.0 = Release|Any CPU
		{E7D0C002-EA61-462D-BED7-7C63E6FDE8E1}.Release|x86.ActiveCfg = Release|Any CPU
		{E7D0C002-EA61-462D-BED7-7C63E6FDE8E1}.Release|x86.Build.0 = Release|Any CPU
		{CC2EAE25-64DB-462F-9D29-7E8EB0F7538B}.Debug|Any CPU.ActiveCfg = Debug|Any CPU
		{CC2EAE25-64DB-462F-9D29-7E8EB0F7538B}.Debug|Any CPU.Build.0 = Debug|Any CPU
		{CC2EAE25-64DB-462F-9D29-7E8EB0F7538B}.Debug|x64.ActiveCfg = Debug|Any CPU
		{CC2EAE25-64DB-462F-9D29-7E8EB0F7538B}.Debug|x64.Build.0 = Debug|Any CPU
		{CC2EAE25-64DB-462F-9D29-7E8EB0F7538B}.Debug|x86.ActiveCfg = Debug|Any CPU
		{CC2EAE25-64DB-462F-9D29-7E8EB0F7538B}.Debug|x86.Build.0 = Debug|Any CPU
		{CC2EAE25-64DB-462F-9D29-7E8EB0F7538B}.Release|Any CPU.ActiveCfg = Release|Any CPU
		{CC2EAE25-64DB-462F-9D29-7E8EB0F7538B}.Release|Any CPU.Build.0 = Release|Any CPU
		{CC2EAE25-64DB-462F-9D29-7E8EB0F7538B}.Release|x64.ActiveCfg = Release|Any CPU
		{CC2EAE25-64DB-462F-9D29-7E8EB0F7538B}.Release|x64.Build.0 = Release|Any CPU
		{CC2EAE25-64DB-462F-9D29-7E8EB0F7538B}.Release|x86.ActiveCfg = Release|Any CPU
		{CC2EAE25-64DB-462F-9D29-7E8EB0F7538B}.Release|x86.Build.0 = Release|Any CPU
		{2AC8AF24-887A-483D-BF0F-18C20D1748B1}.Debug|Any CPU.ActiveCfg = Debug|Any CPU
		{2AC8AF24-887A-483D-BF0F-18C20D1748B1}.Debug|Any CPU.Build.0 = Debug|Any CPU
		{2AC8AF24-887A-483D-BF0F-18C20D1748B1}.Debug|x64.ActiveCfg = Debug|Any CPU
		{2AC8AF24-887A-483D-BF0F-18C20D1748B1}.Debug|x64.Build.0 = Debug|Any CPU
		{2AC8AF24-887A-483D-BF0F-18C20D1748B1}.Debug|x86.ActiveCfg = Debug|Any CPU
		{2AC8AF24-887A-483D-BF0F-18C20D1748B1}.Debug|x86.Build.0 = Debug|Any CPU
		{2AC8AF24-887A-483D-BF0F-18C20D1748B1}.Release|Any CPU.ActiveCfg = Release|Any CPU
		{2AC8AF24-887A-483D-BF0F-18C20D1748B1}.Release|Any CPU.Build.0 = Release|Any CPU
		{2AC8AF24-887A-483D-BF0F-18C20D1748B1}.Release|x64.ActiveCfg = Release|Any CPU
		{2AC8AF24-887A-483D-BF0F-18C20D1748B1}.Release|x64.Build.0 = Release|Any CPU
		{2AC8AF24-887A-483D-BF0F-18C20D1748B1}.Release|x86.ActiveCfg = Release|Any CPU
		{2AC8AF24-887A-483D-BF0F-18C20D1748B1}.Release|x86.Build.0 = Release|Any CPU
	EndGlobalSection
	GlobalSection(SolutionProperties) = preSolution
		HideSolutionNode = FALSE
	EndGlobalSection
	GlobalSection(NestedProjects) = preSolution
		{77E3706E-C721-435B-9E6F-AEB2CD757C3C} = {90A3F924-1E7A-4D1B-BAAA-141133A0BC76}
		{1A3367FB-189B-4E03-A919-736FACCFE971} = {90A3F924-1E7A-4D1B-BAAA-141133A0BC76}
		{069E2F9E-C2D0-4362-922B-265CB28F9D44} = {90A3F924-1E7A-4D1B-BAAA-141133A0BC76}
		{A7DB9FBD-A72F-40C0-982F-0693B0C48C6B} = {069E2F9E-C2D0-4362-922B-265CB28F9D44}
		{6EDD20F9-732C-47C1-B349-C322FF55B46C} = {90A3F924-1E7A-4D1B-BAAA-141133A0BC76}
		{696008F1-D961-4D55-BBC4-CFDB50DE327E} = {6EDD20F9-732C-47C1-B349-C322FF55B46C}
		{379BD8C6-21F5-4048-981E-EB5131CF05DD} = {6EDD20F9-732C-47C1-B349-C322FF55B46C}
		{1D2781D7-B993-4CE9-A171-5DECC286B2FE} = {6EDD20F9-732C-47C1-B349-C322FF55B46C}
		{B29100E3-35E1-4EE2-A4AE-E168EDB040F5} = {A586FF1D-7097-4521-A3D3-21A9CC4EB8BF}
		{DD56956D-FED3-49EB-9CFF-34C3638D20A9} = {A586FF1D-7097-4521-A3D3-21A9CC4EB8BF}
		{7BCE9E75-7621-483E-B7A3-52D0D77CCF8F} = {A586FF1D-7097-4521-A3D3-21A9CC4EB8BF}
		{E7D0C002-EA61-462D-BED7-7C63E6FDE8E1} = {A586FF1D-7097-4521-A3D3-21A9CC4EB8BF}
		{CC2EAE25-64DB-462F-9D29-7E8EB0F7538B} = {A586FF1D-7097-4521-A3D3-21A9CC4EB8BF}
	EndGlobalSection
	GlobalSection(ExtensibilityGlobals) = postSolution
		SolutionGuid = {7EB9BA20-4E24-4DF9-871A-597326B66D91}
	EndGlobalSection
EndGlobal
